{
  "lockfileVersion": 1,
  "configVersion": 1,
  "workspaces": {
    "": {
      "name": "midi-mapper-bun",
      "dependencies": {
        "@inquirer/prompts": "^8.0.1",
        "@julusian/midi": "^3.6.1",
        "fp-ts": "^2.16.11",
        "yaml": "^2.8.3",
      },
      "devDependencies": {
        "@types/bun": "latest",
        "fast-check": "^4.6.0",
      },
      "peerDependencies": {
        "typescript": "^5",
      },
    },
  },
  "packages": {
    "@inquirer/ansi": ["@inquirer/ansi@2.0.1", "", {}, "sha512-QAZUk6BBncv/XmSEZTscd8qazzjV3E0leUMrEPjxCd51QBgCKmprUGLex5DTsNtURm7LMzv+CLcd6S86xvBfYg=="],

    "@inquirer/checkbox": ["@inquirer/checkbox@5.0.1", "", { "dependencies": { "@inquirer/ansi": "^2.0.1", "@inquirer/core": "^11.0.1", "@inquirer/figures": "^2.0.1", "@inquirer/type": "^4.0.1" }, "peerDependencies": { "@types/node": ">=18" }, "optionalPeers": ["@types/node"] }, "sha512-5VPFBK8jKdsjMK3DTFOlbR0+Kkd4q0AWB7VhWQn6ppv44dr3b7PU8wSJQTC5oA0f/aGW7v/ZozQJAY9zx6PKig=="],

    "@inquirer/confirm": ["@inquirer/confirm@6.0.1", "", { "dependencies": { "@inquirer/core": "^11.0.1", "@inquirer/type": "^4.0.1" }, "peerDependencies": { "@types/node": ">=18" }, "optionalPeers": ["@types/node"] }, "sha512-wD+pM7IxLn1TdcQN12Q6wcFe5VpyCuh/I2sSmqO5KjWH2R4v+GkUToHb+PsDGobOe1MtAlXMwGNkZUPc2+L6NA=="],

    "@inquirer/core": ["@inquirer/core@11.0.1", "", { "dependencies": { "@inquirer/ansi": "^2.0.1", "@inquirer/figures": "^2.0.1", "@inquirer/type": "^4.0.1", "cli-width": "^4.1.0", "mute-stream": "^3.0.0", "signal-exit": "^4.1.0", "wrap-ansi": "^9.0.2" }, "peerDependencies": { "@types/node": ">=18" }, "optionalPeers": ["@types/node"] }, "sha512-Tpf49h50e4KYffVUCXzkx4gWMafUi3aDQDwfVAAGBNnVcXiwJIj4m2bKlZ7Kgyf6wjt1eyXH1wDGXcAokm4Ssw=="],

    "@inquirer/editor": ["@inquirer/editor@5.0.1", "", { "dependencies": { "@inquirer/core": "^11.0.1", "@inquirer/external-editor": "^2.0.1", "@inquirer/type": "^4.0.1" }, "peerDependencies": { "@types/node": ">=18" }, "optionalPeers": ["@types/node"] }, "sha512-zDKobHI7Ry++4noiV9Z5VfYgSVpPZoMApviIuGwLOMciQaP+dGzCO+1fcwI441riklRiZg4yURWyEoX0Zy2zZw=="],

    "@inquirer/expand": ["@inquirer/expand@5.0.1", "", { "dependencies": { "@inquirer/core": "^11.0.1", "@inquirer/type": "^4.0.1" }, "peerDependencies": { "@types/node": ">=18" }, "optionalPeers": ["@types/node"] }, "sha512-TBrTpAB6uZNnGQHtSEkbvJZIQ3dXZOrwqQSO9uUbwct3G2LitwBCE5YZj98MbQ5nzihzs5pRjY1K9RRLH4WgoA=="],

    "@inquirer/external-editor": ["@inquirer/external-editor@2.0.1", "", { "dependencies": { "chardet": "^2.1.1", "iconv-lite": "^0.7.0" }, "peerDependencies": { "@types/node": ">=18" }, "optionalPeers": ["@types/node"] }, "sha512-BPYWJXCAK9w6R+pb2s3WyxUz9ts9SP/LDOUwA9fu7LeuyYgojz83i0DSRwezu736BgMwz14G63Xwj70hSzHohQ=="],

    "@inquirer/figures": ["@inquirer/figures@2.0.1", "", {}, "sha512-KtMxyjLCuDFqAWHmCY9qMtsZ09HnjMsm8H3OvpSIpfhHdfw3/AiGWHNrfRwbyvHPtOJpumm8wGn5fkhtvkWRsg=="],

    "@inquirer/input": ["@inquirer/input@5.0.1", "", { "dependencies": { "@inquirer/core": "^11.0.1", "@inquirer/type": "^4.0.1" }, "peerDependencies": { "@types/node": ">=18" }, "optionalPeers": ["@types/node"] }, "sha512-cEhEUohCpE2BCuLKtFFZGp4Ief05SEcqeAOq9NxzN5ThOQP8Rl5N/Nt9VEDORK1bRb2Sk/zoOyQYfysPQwyQtA=="],

    "@inquirer/number": ["@inquirer/number@4.0.1", "", { "dependencies": { "@inquirer/core": "^11.0.1", "@inquirer/type": "^4.0.1" }, "peerDependencies": { "@types/node": ">=18" }, "optionalPeers": ["@types/node"] }, "sha512-4//zgBGHe8Q/FfCoUXZUrUHyK/q5dyqiwsePz3oSSPSmw1Ijo35ZkjaftnxroygcUlLYfXqm+0q08lnB5hd49A=="],

    "@inquirer/password": ["@inquirer/password@5.0.1", "", { "dependencies": { "@inquirer/ansi": "^2.0.1", "@inquirer/core": "^11.0.1", "@inquirer/type": "^4.0.1" }, "peerDependencies": { "@types/node": ">=18" }, "optionalPeers": ["@types/node"] }, "sha512-UJudHpd7Ia30Q+x+ctYqI9Nh6SyEkaBscpa7J6Ts38oc1CNSws0I1hJEdxbQBlxQd65z5GEJPM4EtNf6tzfWaQ=="],

    "@inquirer/prompts": ["@inquirer/prompts@8.0.1", "", { "dependencies": { "@inquirer/checkbox": "^5.0.1", "@inquirer/confirm": "^6.0.1", "@inquirer/editor": "^5.0.1", "@inquirer/expand": "^5.0.1", "@inquirer/input": "^5.0.1", "@inquirer/number": "^4.0.1", "@inquirer/password": "^5.0.1", "@inquirer/rawlist": "^5.0.1", "@inquirer/search": "^4.0.1", "@inquirer/select": "^5.0.1" }, "peerDependencies": { "@types/node": ">=18" }, "optionalPeers": ["@types/node"] }, "sha512-MURRu/cyvLm9vchDDaVZ9u4p+ADnY0Mz3LQr0KTgihrrvuKZlqcWwlBC4lkOMvd0KKX4Wz7Ww9+uA7qEpQaqjg=="],

    "@inquirer/rawlist": ["@inquirer/rawlist@5.0.1", "", { "dependencies": { "@inquirer/core": "^11.0.1", "@inquirer/type": "^4.0.1" }, "peerDependencies": { "@types/node": ">=18" }, "optionalPeers": ["@types/node"] }, "sha512-vVfVHKUgH6rZmMlyd0jOuGZo0Fw1jfcOqZF96lMwlgavx7g0x7MICe316bV01EEoI+c68vMdbkTTawuw3O+Fgw=="],

    "@inquirer/search": ["@inquirer/search@4.0.1", "", { "dependencies": { "@inquirer/core": "^11.0.1", "@inquirer/figures": "^2.0.1", "@inquirer/type": "^4.0.1" }, "peerDependencies": { "@types/node": ">=18" }, "optionalPeers": ["@types/node"] }, "sha512-XwiaK5xBvr31STX6Ji8iS3HCRysBXfL/jUbTzufdWTS6LTGtvDQA50oVETt1BJgjKyQBp9vt0VU6AmU/AnOaGA=="],

    "@inquirer/select": ["@inquirer/select@5.0.1", "", { "dependencies": { "@inquirer/ansi": "^2.0.1", "@inquirer/core": "^11.0.1", "@inquirer/figures": "^2.0.1", "@inquirer/type": "^4.0.1" }, "peerDependencies": { "@types/node": ">=18" }, "optionalPeers": ["@types/node"] }, "sha512-gPByrgYoezGyKMq5KjV7Tuy1JU2ArIy6/sI8sprw0OpXope3VGQwP5FK1KD4eFFqEhKu470Dwe6/AyDPmGRA0Q=="],

    "@inquirer/type": ["@inquirer/type@4.0.1", "", { "peerDependencies": { "@types/node": ">=18" }, "optionalPeers": ["@types/node"] }, "sha512-odO8YwoQAw/eVu/PSPsDDVPmqO77r/Mq7zcoF5VduVqIu2wSRWUgmYb5K9WH1no0SjLnOe8MDKtDL++z6mfo2g=="],

    "@julusian/midi": ["@julusian/midi@3.6.1", "", { "dependencies": { "node-addon-api": "^6.1.0", "pkg-prebuilds": "^1.0.0" } }, "sha512-sC6tTMAMZsHOQILAv/R0On5tKKhzBQUjdyYWzh9l0UQeNry12CFIyRWK1Mep5xCHWCTUB0w4gxngpciA5PgN/Q=="],

    "@types/bun": ["@types/bun@1.3.3", "", { "dependencies": { "bun-types": "1.3.3" } }, "sha512-ogrKbJ2X5N0kWLLFKeytG0eHDleBYtngtlbu9cyBKFtNL3cnpDZkNdQj8flVf6WTZUX5ulI9AY1oa7ljhSrp+g=="],

    "@types/node": ["@types/node@24.10.1", "", { "dependencies": { "undici-types": "~7.16.0" } }, "sha512-GNWcUTRBgIRJD5zj+Tq0fKOJ5XZajIiBroOF0yvj2bSU1WvNdYS/dn9UxwsujGW4JX06dnHyjV2y9rRaybH0iQ=="],

    "ansi-regex": ["ansi-regex@6.2.2", "", {}, "sha512-Bq3SmSpyFHaWjPk8If9yc6svM8c56dB5BAtW4Qbw5jHTwwXXcTLoRMkpDJp6VL0XzlWaCHTXrkFURMYmD0sLqg=="],

    "ansi-styles": ["ansi-styles@6.2.3", "", {}, "sha512-4Dj6M28JB+oAH8kFkTLUo+a2jwOFkuqb3yucU0CANcRRUbxS0cP0nZYCGjcc3BNXwRIsUVmDGgzawme7zvJHvg=="],

    "bun-types": ["bun-types@1.3.3", "", { "dependencies": { "@types/node": "*" } }, "sha512-z3Xwlg7j2l9JY27x5Qn3Wlyos8YAp0kKRlrePAOjgjMGS5IG6E7Jnlx736vH9UVI4wUICwwhC9anYL++XeOgTQ=="],

    "chardet": ["chardet@2.1.1", "", {}, "sha512-PsezH1rqdV9VvyNhxxOW32/d75r01NY7TQCmOqomRo15ZSOKbpTFVsfjghxo6JloQUCGnH4k1LGu0R4yCLlWQQ=="],

    "cli-width": ["cli-width@4.1.0", "", {}, "sha512-ouuZd4/dm2Sw5Gmqy6bGyNNNe1qt9RpmxveLSO7KcgsTnU7RXfsw+/bukWGo1abgBiMAic068rclZsO4IWmmxQ=="],

    "cliui": ["cliui@8.0.1", "", { "dependencies": { "string-width": "^4.2.0", "strip-ansi": "^6.0.1", "wrap-ansi": "^7.0.0" } }, "sha512-BSeNnyus75C4//NQ9gQt1/csTXyo/8Sb+afLAkzAptFuMsod9HFokGNudZpi/oQV73hnVK+sR+5PVRMd+Dr7YQ=="],

    "color-convert": ["color-convert@2.0.1", "", { "dependencies": { "color-name": "~1.1.4" } }, "sha512-RRECPsj7iu/xb5oKYcsFHSppFNnsj/52OVTRKb4zP5onXwVF3zVmmToNcOfGC+CRDpfK/U584fMg38ZHCaElKQ=="],

    "color-name": ["color-name@1.1.4", "", {}, "sha512-dOy+3AuW3a2wNbZHIuMZpTcgjGuLU/uBL/ubcZF9OXbDo8ff4O8yVp5Bf0efS8uEoYo5q4Fx7dY9OgQGXgAsQA=="],

    "emoji-regex": ["emoji-regex@8.0.0", "", {}, "sha512-MSjYzcWNOA0ewAHpz0MxpYFvwg6yjy1NG3xteoqz644VCo/RPgnr1/GGt+ic3iJTzQ8Eu3TdM14SawnVUmGE6A=="],

    "escalade": ["escalade@3.2.0", "", {}, "sha512-WUj2qlxaQtO4g6Pq5c29GTcWGDyd8itL8zTlipgECz3JesAiiOKotd8JU6otB3PACgG6xkJUyVhboMS+bje/jA=="],

    "fast-check": ["fast-check@4.6.0", "", { "dependencies": { "pure-rand": "^8.0.0" } }, "sha512-h7H6Dm0Fy+H4ciQYFxFjXnXkzR2kr9Fb22c0UBpHnm59K2zpr2t13aPTHlltFiNT6zuxp6HMPAVVvgur4BLdpA=="],

    "fp-ts": ["fp-ts@2.16.11", "", {}, "sha512-LaI+KaX2NFkfn1ZGHoKCmcfv7yrZsC3b8NtWsTVQeHkq4F27vI5igUuO53sxqDEa2gNQMHFPmpojDw/1zmUK7w=="],

    "get-caller-file": ["get-caller-file@2.0.5", "", {}, "sha512-DyFP3BM/3YHTQOCUL/w0OZHR0lpKeGrxotcHWcqNEdnltqFwXVfhEBQ94eIo34AfQpo0rGki4cyIiftY06h2Fg=="],

    "get-east-asian-width": ["get-east-asian-width@1.4.0", "", {}, "sha512-QZjmEOC+IT1uk6Rx0sX22V6uHWVwbdbxf1faPqJ1QhLdGgsRGCZoyaQBm/piRdJy/D2um6hM1UP7ZEeQ4EkP+Q=="],

    "iconv-lite": ["iconv-lite@0.7.0", "", { "dependencies": { "safer-buffer": ">= 2.1.2 < 3.0.0" } }, "sha512-cf6L2Ds3h57VVmkZe+Pn+5APsT7FpqJtEhhieDCvrE2MK5Qk9MyffgQyuxQTm6BChfeZNtcOLHp9IcWRVcIcBQ=="],

    "is-fullwidth-code-point": ["is-fullwidth-code-point@3.0.0", "", {}, "sha512-zymm5+u+sCsSWyD9qNaejV3DFvhCKclKdizYaJUuHA83RLjb7nSuGnddCHGv0hk+KY7BMAlsWeK4Ueg6EV6XQg=="],

    "mute-stream": ["mute-stream@3.0.0", "", {}, "sha512-dkEJPVvun4FryqBmZ5KhDo0K9iDXAwn08tMLDinNdRBNPcYEDiWYysLcc6k3mjTMlbP9KyylvRpd4wFtwrT9rw=="],

    "node-addon-api": ["node-addon-api@6.1.0", "", {}, "sha512-+eawOlIgy680F0kBzPUNFhMZGtJ1YmqM6l4+Crf4IkImjYrO/mqPwRMh352g23uIaQKFItcQ64I7KMaJxHgAVA=="],

    "pkg-prebuilds": ["pkg-prebuilds@1.0.0", "", { "dependencies": { "yargs": "^17.7.2" }, "bin": { "pkg-prebuilds-copy": "bin/copy.mjs", "pkg-prebuilds-verify": "bin/verify.mjs" } }, "sha512-D9wlkXZCmjxj2kBHTw3fGSyjoahr33breGBoJcoezpi7ouYS59DJVOHMZ+dgqacSrZiJo4qtkXxLQTE+BqXJmQ=="],

    "pure-rand": ["pure-rand@8.4.0", "", {}, "sha512-IoM8YF/jY0hiugFo/wOWqfmarlE6J0wc6fDK1PhftMk7MGhVZl88sZimmqBBFomLOCSmcCCpsfj7wXASCpvK9A=="],

    "require-directory": ["require-directory@2.1.1", "", {}, "sha512-fGxEI7+wsG9xrvdjsrlmL22OMTTiHRwAMroiEeMgq8gzoLC/PQr7RsRDSTLUg/bZAZtF+TVIkHc6/4RIKrui+Q=="],

    "safer-buffer": ["safer-buffer@2.1.2", "", {}, "sha512-YZo3K82SD7Riyi0E1EQPojLz7kpepnSQI9IyPbHHg1XXXevb5dJI7tpyN2ADxGcQbHG7vcyRHk0cbwqcQriUtg=="],

    "signal-exit": ["signal-exit@4.1.0", "", {}, "sha512-bzyZ1e88w9O1iNJbKnOlvYTrWPDl46O1bG0D3XInv+9tkPrxrN8jUUTiFlDkkmKWgn1M6CfIA13SuGqOa9Korw=="],

    "string-width": ["string-width@4.2.3", "", { "dependencies": { "emoji-regex": "^8.0.0", "is-fullwidth-code-point": "^3.0.0", "strip-ansi": "^6.0.1" } }, "sha512-wKyQRQpjJ0sIp62ErSZdGsjMJWsap5oRNihHhu6G7JVO/9jIB6UyevL+tXuOqrng8j/cxKTWyWUwvSTriiZz/g=="],

    "strip-ansi": ["strip-ansi@7.1.2", "", { "dependencies": { "ansi-regex": "^6.0.1" } }, "sha512-gmBGslpoQJtgnMAvOVqGZpEz9dyoKTCzy2nfz/n8aIFhN/jCE/rCmcxabB6jOOHV+0WNnylOxaxBQPSvcWklhA=="],

    "typescript": ["typescript@5.9.3", "", { "bin": { "tsc": "bin/tsc", "tsserver": "bin/tsserver" } }, "sha512-jl1vZzPDinLr9eUt3J/t7V6FgNEw9QjvBPdysz9KfQDD41fQrC2Y4vKQdiaUpFT4bXlb1RHhLpp8wtm6M5TgSw=="],

    "undici-types": ["undici-types@7.16.0", "", {}, "sha512-Zz+aZWSj8LE6zoxD+xrjh4VfkIG8Ya6LvYkZqtUQGJPZjYl53ypCaUwWqo7eI0x66KBGeRo+mlBEkMSeSZ38Nw=="],

    "wrap-ansi": ["wrap-ansi@9.0.2", "", { "dependencies": { "ansi-styles": "^6.2.1", "string-width": "^7.0.0", "strip-ansi": "^7.1.0" } }, "sha512-42AtmgqjV+X1VpdOfyTGOYRi0/zsoLqtXQckTmqTeybT+BDIbM/Guxo7x3pE2vtpr1ok6xRqM9OpBe+Jyoqyww=="],

    "y18n": ["y18n@5.0.8", "", {}, "sha512-0pfFzegeDWJHJIAmTLRP2DwHjdF5s7jo9tuztdQxAhINCdvS+3nGINqPd00AphqJR/0LhANUS6/+7SCb98YOfA=="],

    "yaml": ["yaml@2.8.3", "", { "bin": { "yaml": "bin.mjs" } }, "sha512-AvbaCLOO2Otw/lW5bmh9d/WEdcDFdQp2Z2ZUH3pX9U2ihyUY0nvLv7J6TrWowklRGPYbB/IuIMfYgxaCPg5Bpg=="],

    "yargs": ["yargs@17.7.2", "", { "dependencies": { "cliui": "^8.0.1", "escalade": "^3.1.1", "get-caller-file": "^2.0.5", "require-directory": "^2.1.1", "string-width": "^4.2.3", "y18n": "^5.0.5", "yargs-parser": "^21.1.1" } }, "sha512-7dSzzRQ++CKnNI/krKnYRV7JKKPUXMEh61soaHKg9mrWEhzFWhFnxPxGl+69cD1Ou63C13NUPCnmIcrvqCuM6w=="],

    "yargs-parser": ["yargs-parser@21.1.1", "", {}, "sha512-tVpsJW7DdjecAiFpbIB1e3qxIQsE6NoPc5/eTdrbbIC4h0LVsWhnoa3g+m2HclBIujHzsxZ4VJVA+GUuc2/LBw=="],

    "cliui/strip-ansi": ["strip-ansi@6.0.1", "", { "dependencies": { "ansi-regex": "^5.0.1" } }, "sha512-Y38VPSHcqkFrCpFnQ9vuSXmquuv5oXOKpGeT6aGrr3o3Gc9AlVa6JBfUSOCnbxGGZF+/0ooI7KrPuUSztUdU5A=="],

    "cliui/wrap-ansi": ["wrap-ansi@7.0.0", "", { "dependencies": { "ansi-styles": "^4.0.0", "string-width": "^4.1.0", "strip-ansi": "^6.0.0" } }, "sha512-YVGIj2kamLSTxw6NsZjoBxfSwsn0ycdesmc4p+Q21c5zPuZ1pl+NfxVdxPtdHvmNVOQ6XSYG4AUtyt/Fi7D16Q=="],

    "string-width/strip-ansi": ["strip-ansi@6.0.1", "", { "dependencies": { "ansi-regex": "^5.0.1" } }, "sha512-Y38VPSHcqkFrCpFnQ9vuSXmquuv5oXOKpGeT6aGrr3o3Gc9AlVa6JBfUSOCnbxGGZF+/0ooI7KrPuUSztUdU5A=="],

    "wrap-ansi/string-width": ["string-width@7.2.0", "", { "dependencies": { "emoji-regex": "^10.3.0", "get-east-asian-width": "^1.0.0", "strip-ansi": "^7.1.0" } }, "sha512-tsaTIkKW9b4N+AEj+SVA+WhJzV7/zMhcSu78mLKWSk7cXMOSHsBKFWUs0fWwq8QyK3MgJBQRX6Gbi4kYbdvGkQ=="],

    "cliui/strip-ansi/ansi-regex": ["ansi-regex@5.0.1", "", {}, "sha512-quJQXlTSUGL2LH9SUXo8VwsY4soanhgo6LNSm84E1LBcE8s3O0wpdiRzyR9z/ZZJMlMWv37qOOb9pdJlMUEKFQ=="],

    "cliui/wrap-ansi/ansi-styles": ["ansi-styles@4.3.0", "", { "dependencies": { "color-convert": "^2.0.1" } }, "sha512-zbB9rCJAT1rbjiVDb2hqKFHNYLxgtk8NURxZ3IZwD3F6NtxbXZQCnnSi1Lkx+IDohdPlFp222wVALIheZJQSEg=="],

    "string-width/strip-ansi/ansi-regex": ["ansi-regex@5.0.1", "", {}, "sha512-quJQXlTSUGL2LH9SUXo8VwsY4soanhgo6LNSm84E1LBcE8s3O0wpdiRzyR9z/ZZJMlMWv37qOOb9pdJlMUEKFQ=="],

    "wrap-ansi/string-width/emoji-regex": ["emoji-regex@10.6.0", "", {}, "sha512-toUI84YS5YmxW219erniWD0CIVOo46xGKColeNQRgOzDorgBi1v4D71/OFzgD9GO2UGKIv1C3Sp8DAn0+j5w7A=="],
  }
}
